
Microsoft Visual Studio Solution File, Format Version 12.00
# Visual Studio 15
VisualStudioVersion = 15.0.27004.2009
MinimumVisualStudioVersion = 10.0.40219.1
Project("{FAE04EC0-301F-11D3-BF4B-00C04F79EFBC}") = "UtilitiesCollection", "UtilitiesCollection\UtilitiesCollection.csproj", "{AEBC3D5A-2FA8-4297-9B76-3E9A6DCE3267}"
EndProject
Global
	GlobalSection(SolutionConfigurationPlatforms) = preSolution
		Debug|Any CPU = Debug|Any CPU
		Release|Any CPU = Release|Any CPU
	EndGlobalSection
	GlobalSection(ProjectConfigurationPlatforms) = postSolution
		{AEBC3D5A-2FA8-4297-9B76-3E9A6DCE3267}.Debug|Any CPU.ActiveCfg = Debug|Any CPU
		{AEBC3D5A-2FA8-4297-9B76-3E9A6DCE3267}.Debug|Any CPU.Build.0 = Debug|Any CPU
		{AEBC3D5A-2FA8-4297-9B76-3E9A6DCE3267}.Release|Any CPU.ActiveCfg = Release|Any CPU
		{AEBC3D5A-2FA8-4297-9B76-3E9A6DCE3267}.Release|Any CPU.Build.0 = Release|Any CPU
	EndGlobalSection
	GlobalSection(SolutionProperties) = preSolution
		HideSolutionNode = FALSE
	EndGlobalSection
	GlobalSection(ExtensibilityGlobals) = postSolution
		SolutionGuid = {C8406DD7-F059-41C0-9601-4D7D305DBC2A}
	EndGlobalSection
EndGlobal
